
Microsoft Visual Studio Solution File, Format Version 11.00
# Visual Studio 2010
Project("{E097FAD1-6243-4DAD-9C02-E9B9EFC3FFC1}") = "Assembly-CSharp", "Assembly-CSharp.csproj", "{18439E8C-83BF-BF9C-230B-BC2CB89937CE}"
EndProject
Project("{E097FAD1-6243-4DAD-9C02-E9B9EFC3FFC1}") = "Assembly-CSharp-Editor-firstpass", "Assembly-CSharp-Editor-firstpass.csproj", "{251D1513-0B5E-7524-C178-186373D3A7B9}"
EndProject
Global
	GlobalSection(SolutionConfigurationPlatforms) = preSolution
		Debug|Any CPU = Debug|Any CPU
		Release|Any CPU = Release|Any CPU
	EndGlobalSection
	GlobalSection(ProjectConfigurationPlatforms) = postSolution
		{18439E8C-83BF-BF9C-230B-BC2CB89937CE}.Debug|Any CPU.ActiveCfg = Debug|Any CPU
		{18439E8C-83BF-BF9C-230B-BC2CB89937CE}.Debug|Any CPU.Build.0 = Debug|Any CPU
		{18439E8C-83BF-BF9C-230B-BC2CB89937CE}.Release|Any CPU.ActiveCfg = Release|Any CPU
		{18439E8C-83BF-BF9C-230B-BC2CB89937CE}.Release|Any CPU.Build.0 = Release|Any CPU
		{251D1513-0B5E-7524-C178-186373D3A7B9}.Debug|Any CPU.ActiveCfg = Debug|Any CPU
		{251D1513-0B5E-7524-C178-186373D3A7B9}.Debug|Any CPU.Build.0 = Debug|Any CPU
		{251D1513-0B5E-7524-C178-186373D3A7B9}.Release|Any CPU.ActiveCfg = Release|Any CPU
		{251D1513-0B5E-7524-C178-186373D3A7B9}.Release|Any CPU.Build.0 = Release|Any CPU
	EndGlobalSection
	GlobalSection(SolutionProperties) = preSolution
		HideSolutionNode = FALSE
	EndGlobalSection
	GlobalSection(MonoDevelopProperties) = preSolution
		StartupItem = Assembly-CSharp.csproj
	EndGlobalSection
EndGlobal
